
Microsoft Visual Studio Solution File, Format Version 11.00
# Visual Studio 2010
Project("{FAE04EC0-301F-11D3-BF4B-00C04F79EFBC}") = "sniffer", "sniffer_b1\sniffer.csproj", "{737DE157-AF7A-4DB8-9A18-424A8487D3FE}"
EndProject
Global
	GlobalSection(SolutionConfigurationPlatforms) = preSolution
		Debug|x86 = Debug|x86
		Release|x86 = Release|x86
	EndGlobalSection
	GlobalSection(ProjectConfigurationPlatforms) = postSolution
		{737DE157-AF7A-4DB8-9A18-424A8487D3FE}.Debug|x86.ActiveCfg = Debug|x86
		{737DE157-AF7A-4DB8-9A18-424A8487D3FE}.Debug|x86.Build.0 = Debug|x86
		{737DE157-AF7A-4DB8-9A18-424A8487D3FE}.Release|x86.ActiveCfg = Release|x86
		{737DE157-AF7A-4DB8-9A18-424A8487D3FE}.Release|x86.Build.0 = Release|x86
	EndGlobalSection
	GlobalSection(SolutionProperties) = preSolution
		HideSolutionNode = FALSE
	EndGlobalSection
EndGlobal
